
Microsoft Visual Studio Solution File, Format Version 12.00
# Visual Studio Version 17
VisualStudioVersion = 17.7.34024.191
MinimumVisualStudioVersion = 10.0.40219.1
Project("{2150E333-8FDC-42A3-9474-1A3956D46DE8}") = "Services", "Services", "{7C921E60-0770-4097-9230-77DAE66E2FEC}"
EndProject
Project("{2150E333-8FDC-42A3-9474-1A3956D46DE8}") = "Track", "Track", "{E9DAAC54-4A27-4229-87BE-82AC150C2FE4}"
EndProject
Project("{FAE04EC0-301F-11D3-BF4B-00C04F79EFBC}") = "Track.Api", "Services\Track\Track.Api\Track.Api.csproj", "{2BFB10E9-E113-49F8-8212-3AF922D8647B}"
EndProject
Project("{E53339B2-1760-4266-BCC7-CA923CBCF16C}") = "docker-compose", "docker-compose.dcproj", "{EB4D6850-3BB2-466E-B055-8CAB59AD80D4}"
EndProject
Project("{2150E333-8FDC-42A3-9474-1A3956D46DE8}") = "Community", "Community", "{FBEB910C-C2CB-4B3F-95D9-BBBDCA9C4AA1}"
EndProject
Project("{FAE04EC0-301F-11D3-BF4B-00C04F79EFBC}") = "Community.Observability", "Community\Community.Observability\Community.Observability.csproj", "{6751B7B2-B17A-4F2B-9AC5-C2055C757E5E}"
EndProject
Project("{2150E333-8FDC-42A3-9474-1A3956D46DE8}") = "SolutionItems", "SolutionItems", "{438CA769-60CE-4E17-925E-D926863A19DD}"
EndProject
Project("{2150E333-8FDC-42A3-9474-1A3956D46DE8}") = "Otel", "Otel", "{86E9A5C9-0B3F-4749-8201-BFAE7F8D9627}"
	ProjectSection(SolutionItems) = preProject
		otel\otel.yml = otel\otel.yml
	EndProjectSection
EndProject
Project("{2150E333-8FDC-42A3-9474-1A3956D46DE8}") = "prometheus", "prometheus", "{4765E415-AD0B-463A-88CA-0F577F130877}"
	ProjectSection(SolutionItems) = preProject
		prometheus\prometheus.yml = prometheus\prometheus.yml
	EndProjectSection
EndProject
Project("{2150E333-8FDC-42A3-9474-1A3956D46DE8}") = "loki", "loki", "{C10D64BA-23E9-4097-82A2-08F580F5EFDB}"
	ProjectSection(SolutionItems) = preProject
		loki\loki.yml = loki\loki.yml
	EndProjectSection
EndProject
Project("{2150E333-8FDC-42A3-9474-1A3956D46DE8}") = "grafana", "grafana", "{EA04BE55-3632-44E1-ACD1-3A94F7A37FCD}"
EndProject
Project("{2150E333-8FDC-42A3-9474-1A3956D46DE8}") = "provisioning", "provisioning", "{C77F805F-041F-401F-A795-FB823B51D1A0}"
EndProject
Project("{2150E333-8FDC-42A3-9474-1A3956D46DE8}") = "datasources", "datasources", "{42AA7C1B-E1E8-4D5F-BD9A-5C62193F6C04}"
	ProjectSection(SolutionItems) = preProject
		grafana\provisioning\datasources\datasources.yml = grafana\provisioning\datasources\datasources.yml
	EndProjectSection
EndProject
Project("{FAE04EC0-301F-11D3-BF4B-00C04F79EFBC}") = "Community.Context", "Community\Community.Context\Community.Context.csproj", "{2D0D3016-8979-4853-BB22-398AC7E44FCB}"
EndProject
Project("{FAE04EC0-301F-11D3-BF4B-00C04F79EFBC}") = "Community.Extensions", "Community\Community.Extensions\Community.Extensions.csproj", "{4A18E05A-4F3C-4795-85E6-68ACBB642D8C}"
EndProject
Project("{FAE04EC0-301F-11D3-BF4B-00C04F79EFBC}") = "Track.Application", "Services\Track\Track.Application\Track.Application.csproj", "{45692F43-2331-4620-9573-EADDB32BD718}"
EndProject
Project("{FAE04EC0-301F-11D3-BF4B-00C04F79EFBC}") = "Track.Core", "Services\Track\Track.Core\Track.Core.csproj", "{3776EC0C-A2F4-41E0-BC51-A961E6CB3F00}"
EndProject
Project("{FAE04EC0-301F-11D3-BF4B-00C04F79EFBC}") = "Track.Infrastructure", "Services\Track\Track.Infrastructure\Track.Infrastructure.csproj", "{7753F4B0-F906-446D-BF6E-B4F4B3C534FC}"
EndProject
Project("{FAE04EC0-301F-11D3-BF4B-00C04F79EFBC}") = "Track.Contracts", "Services\Track\Track.Contracts\Track.Contracts.csproj", "{0B3667CD-0EF7-4E99-8870-42DB8CA7ED34}"
EndProject
Project("{FAE04EC0-301F-11D3-BF4B-00C04F79EFBC}") = "Community.CQRS", "Community\Community.CQRS\Community.CQRS.csproj", "{914A3C8C-98E1-4526-9422-56A94422A9DB}"
EndProject
Project("{FAE04EC0-301F-11D3-BF4B-00C04F79EFBC}") = "Community.Attributes", "Community\Community.Attributes\Community.Attributes.csproj", "{69312B8E-3341-416A-9235-E5CBD8A9FD17}"
EndProject
Project("{FAE04EC0-301F-11D3-BF4B-00C04F79EFBC}") = "Community.CQRS.Abstractions", "Community\Community.CQRS.Abstractions\Community.CQRS.Abstractions.csproj", "{B97A9526-2E21-49EC-9D94-79A48906481A}"
EndProject
Project("{FAE04EC0-301F-11D3-BF4B-00C04F79EFBC}") = "Community.Context.Abstractions", "Community\Community.Context.Abstractions\Community.Context.Abstractions.csproj", "{D6E8163A-8AF2-4663-A12F-234A76395259}"
EndProject
Project("{FAE04EC0-301F-11D3-BF4B-00C04F79EFBC}") = "Community.Swagger", "Community\Community.Swagger\Community.Swagger.csproj", "{409BA7D7-D475-47B5-BF19-18932BC99118}"
EndProject
Project("{FAE04EC0-301F-11D3-BF4B-00C04F79EFBC}") = "Community.IdGenerator", "Community\Community.IdGenerator\Community.IdGenerator.csproj", "{A424E53F-EEC6-404E-98E6-2873CE74643F}"
EndProject
Project("{FAE04EC0-301F-11D3-BF4B-00C04F79EFBC}") = "Community.Validation", "Community\Community.Validation\Community.Validation.csproj", "{7D72891D-4910-46B0-91E7-EBDAB3B6969F}"
EndProject
Project("{FAE04EC0-301F-11D3-BF4B-00C04F79EFBC}") = "Community.Exception", "Community\Community.Exception\Community.Exception.csproj", "{37192429-86CD-45E9-AEB6-085AFD4CC7ED}"
EndProject
Global
	GlobalSection(SolutionConfigurationPlatforms) = preSolution
		Debug|Any CPU = Debug|Any CPU
		Release|Any CPU = Release|Any CPU
	EndGlobalSection
	GlobalSection(ProjectConfigurationPlatforms) = postSolution
		{2BFB10E9-E113-49F8-8212-3AF922D8647B}.Debug|Any CPU.ActiveCfg = Debug|Any CPU
		{2BFB10E9-E113-49F8-8212-3AF922D8647B}.Debug|Any CPU.Build.0 = Debug|Any CPU
		{2BFB10E9-E113-49F8-8212-3AF922D8647B}.Release|Any CPU.ActiveCfg = Release|Any CPU
		{2BFB10E9-E113-49F8-8212-3AF922D8647B}.Release|Any CPU.Build.0 = Release|Any CPU
		{EB4D6850-3BB2-466E-B055-8CAB59AD80D4}.Debug|Any CPU.ActiveCfg = Debug|Any CPU
		{EB4D6850-3BB2-466E-B055-8CAB59AD80D4}.Debug|Any CPU.Build.0 = Debug|Any CPU
		{EB4D6850-3BB2-466E-B055-8CAB59AD80D4}.Release|Any CPU.ActiveCfg = Release|Any CPU
		{EB4D6850-3BB2-466E-B055-8CAB59AD80D4}.Release|Any CPU.Build.0 = Release|Any CPU
		{6751B7B2-B17A-4F2B-9AC5-C2055C757E5E}.Debug|Any CPU.ActiveCfg = Debug|Any CPU
		{6751B7B2-B17A-4F2B-9AC5-C2055C757E5E}.Debug|Any CPU.Build.0 = Debug|Any CPU
		{6751B7B2-B17A-4F2B-9AC5-C2055C757E5E}.Release|Any CPU.ActiveCfg = Release|Any CPU
		{6751B7B2-B17A-4F2B-9AC5-C2055C757E5E}.Release|Any CPU.Build.0 = Release|Any CPU
		{2D0D3016-8979-4853-BB22-398AC7E44FCB}.Debug|Any CPU.ActiveCfg = Debug|Any CPU
		{2D0D3016-8979-4853-BB22-398AC7E44FCB}.Debug|Any CPU.Build.0 = Debug|Any CPU
		{2D0D3016-8979-4853-BB22-398AC7E44FCB}.Release|Any CPU.ActiveCfg = Release|Any CPU
		{2D0D3016-8979-4853-BB22-398AC7E44FCB}.Release|Any CPU.Build.0 = Release|Any CPU
		{4A18E05A-4F3C-4795-85E6-68ACBB642D8C}.Debug|Any CPU.ActiveCfg = Debug|Any CPU
		{4A18E05A-4F3C-4795-85E6-68ACBB642D8C}.Debug|Any CPU.Build.0 = Debug|Any CPU
		{4A18E05A-4F3C-4795-85E6-68ACBB642D8C}.Release|Any CPU.ActiveCfg = Release|Any CPU
		{4A18E05A-4F3C-4795-85E6-68ACBB642D8C}.Release|Any CPU.Build.0 = Release|Any CPU
		{45692F43-2331-4620-9573-EADDB32BD718}.Debug|Any CPU.ActiveCfg = Debug|Any CPU
		{45692F43-2331-4620-9573-EADDB32BD718}.Debug|Any CPU.Build.0 = Debug|Any CPU
		{45692F43-2331-4620-9573-EADDB32BD718}.Release|Any CPU.ActiveCfg = Release|Any CPU
		{45692F43-2331-4620-9573-EADDB32BD718}.Release|Any CPU.Build.0 = Release|Any CPU
		{3776EC0C-A2F4-41E0-BC51-A961E6CB3F00}.Debug|Any CPU.ActiveCfg = Debug|Any CPU
		{3776EC0C-A2F4-41E0-BC51-A961E6CB3F00}.Debug|Any CPU.Build.0 = Debug|Any CPU
		{3776EC0C-A2F4-41E0-BC51-A961E6CB3F00}.Release|Any CPU.ActiveCfg = Release|Any CPU
		{3776EC0C-A2F4-41E0-BC51-A961E6CB3F00}.Release|Any CPU.Build.0 = Release|Any CPU
		{7753F4B0-F906-446D-BF6E-B4F4B3C534FC}.Debug|Any CPU.ActiveCfg = Debug|Any CPU
		{7753F4B0-F906-446D-BF6E-B4F4B3C534FC}.Debug|Any CPU.Build.0 = Debug|Any CPU
		{7753F4B0-F906-446D-BF6E-B4F4B3C534FC}.Release|Any CPU.ActiveCfg = Release|Any CPU
		{7753F4B0-F906-446D-BF6E-B4F4B3C534FC}.Release|Any CPU.Build.0 = Release|Any CPU
		{0B3667CD-0EF7-4E99-8870-42DB8CA7ED34}.Debug|Any CPU.ActiveCfg = Debug|Any CPU
		{0B3667CD-0EF7-4E99-8870-42DB8CA7ED34}.Debug|Any CPU.Build.0 = Debug|Any CPU
		{0B3667CD-0EF7-4E99-8870-42DB8CA7ED34}.Release|Any CPU.ActiveCfg = Release|Any CPU
		{0B3667CD-0EF7-4E99-8870-42DB8CA7ED34}.Release|Any CPU.Build.0 = Release|Any CPU
		{914A3C8C-98E1-4526-9422-56A94422A9DB}.Debug|Any CPU.ActiveCfg = Debug|Any CPU
		{914A3C8C-98E1-4526-9422-56A94422A9DB}.Debug|Any CPU.Build.0 = Debug|Any CPU
		{914A3C8C-98E1-4526-9422-56A94422A9DB}.Release|Any CPU.ActiveCfg = Release|Any CPU
		{914A3C8C-98E1-4526-9422-56A94422A9DB}.Release|Any CPU.Build.0 = Release|Any CPU
		{69312B8E-3341-416A-9235-E5CBD8A9FD17}.Debug|Any CPU.ActiveCfg = Debug|Any CPU
		{69312B8E-3341-416A-9235-E5CBD8A9FD17}.Debug|Any CPU.Build.0 = Debug|Any CPU
		{69312B8E-3341-416A-9235-E5CBD8A9FD17}.Release|Any CPU.ActiveCfg = Release|Any CPU
		{69312B8E-3341-416A-9235-E5CBD8A9FD17}.Release|Any CPU.Build.0 = Release|Any CPU
		{B97A9526-2E21-49EC-9D94-79A48906481A}.Debug|Any CPU.ActiveCfg = Debug|Any CPU
		{B97A9526-2E21-49EC-9D94-79A48906481A}.Debug|Any CPU.Build.0 = Debug|Any CPU
		{B97A9526-2E21-49EC-9D94-79A48906481A}.Release|Any CPU.ActiveCfg = Release|Any CPU
		{B97A9526-2E21-49EC-9D94-79A48906481A}.Release|Any CPU.Build.0 = Release|Any CPU
		{D6E8163A-8AF2-4663-A12F-234A76395259}.Debug|Any CPU.ActiveCfg = Debug|Any CPU
		{D6E8163A-8AF2-4663-A12F-234A76395259}.Debug|Any CPU.Build.0 = Debug|Any CPU
		{D6E8163A-8AF2-4663-A12F-234A76395259}.Release|Any CPU.ActiveCfg = Release|Any CPU
		{D6E8163A-8AF2-4663-A12F-234A76395259}.Release|Any CPU.Build.0 = Release|Any CPU
		{409BA7D7-D475-47B5-BF19-18932BC99118}.Debug|Any CPU.ActiveCfg = Debug|Any CPU
		{409BA7D7-D475-47B5-BF19-18932BC99118}.Debug|Any CPU.Build.0 = Debug|Any CPU
		{409BA7D7-D475-47B5-BF19-18932BC99118}.Release|Any CPU.ActiveCfg = Release|Any CPU
		{409BA7D7-D475-47B5-BF19-18932BC99118}.Release|Any CPU.Build.0 = Release|Any CPU
		{A424E53F-EEC6-404E-98E6-2873CE74643F}.Debug|Any CPU.ActiveCfg = Debug|Any CPU
		{A424E53F-EEC6-404E-98E6-2873CE74643F}.Debug|Any CPU.Build.0 = Debug|Any CPU
		{A424E53F-EEC6-404E-98E6-2873CE74643F}.Release|Any CPU.ActiveCfg = Release|Any CPU
		{A424E53F-EEC6-404E-98E6-2873CE74643F}.Release|Any CPU.Build.0 = Release|Any CPU
		{7D72891D-4910-46B0-91E7-EBDAB3B6969F}.Debug|Any CPU.ActiveCfg = Debug|Any CPU
		{7D72891D-4910-46B0-91E7-EBDAB3B6969F}.Debug|Any CPU.Build.0 = Debug|Any CPU
		{7D72891D-4910-46B0-91E7-EBDAB3B6969F}.Release|Any CPU.ActiveCfg = Release|Any CPU
		{7D72891D-4910-46B0-91E7-EBDAB3B6969F}.Release|Any CPU.Build.0 = Release|Any CPU
		{37192429-86CD-45E9-AEB6-085AFD4CC7ED}.Debug|Any CPU.ActiveCfg = Debug|Any CPU
		{37192429-86CD-45E9-AEB6-085AFD4CC7ED}.Debug|Any CPU.Build.0 = Debug|Any CPU
		{37192429-86CD-45E9-AEB6-085AFD4CC7ED}.Release|Any CPU.ActiveCfg = Release|Any CPU
		{37192429-86CD-45E9-AEB6-085AFD4CC7ED}.Release|Any CPU.Build.0 = Release|Any CPU
	EndGlobalSection
	GlobalSection(SolutionProperties) = preSolution
		HideSolutionNode = FALSE
	EndGlobalSection
	GlobalSection(NestedProjects) = preSolution
		{E9DAAC54-4A27-4229-87BE-82AC150C2FE4} = {7C921E60-0770-4097-9230-77DAE66E2FEC}
		{2BFB10E9-E113-49F8-8212-3AF922D8647B} = {E9DAAC54-4A27-4229-87BE-82AC150C2FE4}
		{6751B7B2-B17A-4F2B-9AC5-C2055C757E5E} = {FBEB910C-C2CB-4B3F-95D9-BBBDCA9C4AA1}
		{86E9A5C9-0B3F-4749-8201-BFAE7F8D9627} = {438CA769-60CE-4E17-925E-D926863A19DD}
		{4765E415-AD0B-463A-88CA-0F577F130877} = {438CA769-60CE-4E17-925E-D926863A19DD}
		{C10D64BA-23E9-4097-82A2-08F580F5EFDB} = {438CA769-60CE-4E17-925E-D926863A19DD}
		{EA04BE55-3632-44E1-ACD1-3A94F7A37FCD} = {438CA769-60CE-4E17-925E-D926863A19DD}
		{C77F805F-041F-401F-A795-FB823B51D1A0} = {EA04BE55-3632-44E1-ACD1-3A94F7A37FCD}
		{42AA7C1B-E1E8-4D5F-BD9A-5C62193F6C04} = {C77F805F-041F-401F-A795-FB823B51D1A0}
		{2D0D3016-8979-4853-BB22-398AC7E44FCB} = {FBEB910C-C2CB-4B3F-95D9-BBBDCA9C4AA1}
		{4A18E05A-4F3C-4795-85E6-68ACBB642D8C} = {FBEB910C-C2CB-4B3F-95D9-BBBDCA9C4AA1}
		{45692F43-2331-4620-9573-EADDB32BD718} = {E9DAAC54-4A27-4229-87BE-82AC150C2FE4}
		{3776EC0C-A2F4-41E0-BC51-A961E6CB3F00} = {E9DAAC54-4A27-4229-87BE-82AC150C2FE4}
		{7753F4B0-F906-446D-BF6E-B4F4B3C534FC} = {E9DAAC54-4A27-4229-87BE-82AC150C2FE4}
		{0B3667CD-0EF7-4E99-8870-42DB8CA7ED34} = {E9DAAC54-4A27-4229-87BE-82AC150C2FE4}
		{914A3C8C-98E1-4526-9422-56A94422A9DB} = {FBEB910C-C2CB-4B3F-95D9-BBBDCA9C4AA1}
		{69312B8E-3341-416A-9235-E5CBD8A9FD17} = {FBEB910C-C2CB-4B3F-95D9-BBBDCA9C4AA1}
		{B97A9526-2E21-49EC-9D94-79A48906481A} = {FBEB910C-C2CB-4B3F-95D9-BBBDCA9C4AA1}
		{D6E8163A-8AF2-4663-A12F-234A76395259} = {FBEB910C-C2CB-4B3F-95D9-BBBDCA9C4AA1}
		{409BA7D7-D475-47B5-BF19-18932BC99118} = {FBEB910C-C2CB-4B3F-95D9-BBBDCA9C4AA1}
		{A424E53F-EEC6-404E-98E6-2873CE74643F} = {FBEB910C-C2CB-4B3F-95D9-BBBDCA9C4AA1}
		{7D72891D-4910-46B0-91E7-EBDAB3B6969F} = {FBEB910C-C2CB-4B3F-95D9-BBBDCA9C4AA1}
		{37192429-86CD-45E9-AEB6-085AFD4CC7ED} = {FBEB910C-C2CB-4B3F-95D9-BBBDCA9C4AA1}
	EndGlobalSection
	GlobalSection(ExtensibilityGlobals) = postSolution
		SolutionGuid = {B8AEB398-0CEB-4805-9E3B-C9FBD56DCBFA}
	EndGlobalSection
EndGlobal
